
Microsoft Visual Studio Solution File, Format Version 12.00
Project("{FAE04EC0-301F-11D3-BF4B-00C04F79EFBC}") = "FGIAFG.Scraper.GOG", "FGIAFG.Scraper.GOG\FGIAFG.Scraper.GOG.csproj", "{F7DCED6C-509E-4C21-A5FA-D432B94B4F86}"
EndProject
Global
	GlobalSection(SolutionConfigurationPlatforms) = preSolution
		Debug|Any CPU = Debug|Any CPU
		Release|Any CPU = Release|Any CPU
	EndGlobalSection
	GlobalSection(ProjectConfigurationPlatforms) = postSolution
		{F7DCED6C-509E-4C21-A5FA-D432B94B4F86}.Debug|Any CPU.ActiveCfg = Debug|Any CPU
		{F7DCED6C-509E-4C21-A5FA-D432B94B4F86}.Debug|Any CPU.Build.0 = Debug|Any CPU
		{F7DCED6C-509E-4C21-A5FA-D432B94B4F86}.Release|Any CPU.ActiveCfg = Release|Any CPU
		{F7DCED6C-509E-4C21-A5FA-D432B94B4F86}.Release|Any CPU.Build.0 = Release|Any CPU
	EndGlobalSection
EndGlobal
